
Microsoft Visual Studio Solution File, Format Version 12.00
# Visual Studio Version 16
VisualStudioVersion = 16.0.29613.14
MinimumVisualStudioVersion = 15.0.26124.0
Project("{FAE04EC0-301F-11D3-BF4B-00C04F79EFBC}") = "MvcRouting01", "MvcRouting01\MvcRouting01.csproj", "{D912F3EA-FB4D-4531-A8CF-D392F4D0C63D}"
EndProject
Global
	GlobalSection(SolutionConfigurationPlatforms) = preSolution
		Debug|Any CPU = Debug|Any CPU
		Debug|x64 = Debug|x64
		Debug|x86 = Debug|x86
		Release|Any CPU = Release|Any CPU
		Release|x64 = Release|x64
		Release|x86 = Release|x86
	EndGlobalSection
	GlobalSection(ProjectConfigurationPlatforms) = postSolution
		{D912F3EA-FB4D-4531-A8CF-D392F4D0C63D}.Debug|Any CPU.ActiveCfg = Debug|Any CPU
		{D912F3EA-FB4D-4531-A8CF-D392F4D0C63D}.Debug|Any CPU.Build.0 = Debug|Any CPU
		{D912F3EA-FB4D-4531-A8CF-D392F4D0C63D}.Debug|x64.ActiveCfg = Debug|Any CPU
		{D912F3EA-FB4D-4531-A8CF-D392F4D0C63D}.Debug|x64.Build.0 = Debug|Any CPU
		{D912F3EA-FB4D-4531-A8CF-D392F4D0C63D}.Debug|x86.ActiveCfg = Debug|Any CPU
		{D912F3EA-FB4D-4531-A8CF-D392F4D0C63D}.Debug|x86.Build.0 = Debug|Any CPU
		{D912F3EA-FB4D-4531-A8CF-D392F4D0C63D}.Release|Any CPU.ActiveCfg = Release|Any CPU
		{D912F3EA-FB4D-4531-A8CF-D392F4D0C63D}.Release|Any CPU.Build.0 = Release|Any CPU
		{D912F3EA-FB4D-4531-A8CF-D392F4D0C63D}.Release|x64.ActiveCfg = Release|Any CPU
		{D912F3EA-FB4D-4531-A8CF-D392F4D0C63D}.Release|x64.Build.0 = Release|Any CPU
		{D912F3EA-FB4D-4531-A8CF-D392F4D0C63D}.Release|x86.ActiveCfg = Release|Any CPU
		{D912F3EA-FB4D-4531-A8CF-D392F4D0C63D}.Release|x86.Build.0 = Release|Any CPU
	EndGlobalSection
	GlobalSection(SolutionProperties) = preSolution
		HideSolutionNode = FALSE
	EndGlobalSection
	GlobalSection(ExtensibilityGlobals) = postSolution
		SolutionGuid = {0F26B2BA-36E1-42F0-9171-9B91EA3B3C01}
	EndGlobalSection
EndGlobal
